
Microsoft Visual Studio Solution File, Format Version 12.00
# Visual Studio Version 17
VisualStudioVersion = 17.6.33815.320
MinimumVisualStudioVersion = 10.0.40219.1
Project("{8BC9CEB8-8B4A-11D0-8D11-00A0C91BC942}") = "bai7_ThuTrongTuan", "bai7_ThuTrongTuan\bai7_ThuTrongTuan.vcxproj", "{5C41A857-FFFB-4FA7-AF98-B21F6FC89915}"
EndProject
Global
	GlobalSection(SolutionConfigurationPlatforms) = preSolution
		Debug|x64 = Debug|x64
		Debug|x86 = Debug|x86
		Release|x64 = Release|x64
		Release|x86 = Release|x86
	EndGlobalSection
	GlobalSection(ProjectConfigurationPlatforms) = postSolution
		{5C41A857-FFFB-4FA7-AF98-B21F6FC89915}.Debug|x64.ActiveCfg = Debug|x64
		{5C41A857-FFFB-4FA7-AF98-B21F6FC89915}.Debug|x64.Build.0 = Debug|x64
		{5C41A857-FFFB-4FA7-AF98-B21F6FC89915}.Debug|x86.ActiveCfg = Debug|Win32
		{5C41A857-FFFB-4FA7-AF98-B21F6FC89915}.Debug|x86.Build.0 = Debug|Win32
		{5C41A857-FFFB-4FA7-AF98-B21F6FC89915}.Release|x64.ActiveCfg = Release|x64
		{5C41A857-FFFB-4FA7-AF98-B21F6FC89915}.Release|x64.Build.0 = Release|x64
		{5C41A857-FFFB-4FA7-AF98-B21F6FC89915}.Release|x86.ActiveCfg = Release|Win32
		{5C41A857-FFFB-4FA7-AF98-B21F6FC89915}.Release|x86.Build.0 = Release|Win32
	EndGlobalSection
	GlobalSection(SolutionProperties) = preSolution
		HideSolutionNode = FALSE
	EndGlobalSection
	GlobalSection(ExtensibilityGlobals) = postSolution
		SolutionGuid = {3FADC1FE-BD0C-4D2E-BE71-F154C416CECB}
	EndGlobalSection
EndGlobal
